{
  "nodes": {
    "fenix": {
      "inputs": {
        "nixpkgs": "nixpkgs",
        "rust-analyzer-src": "rust-analyzer-src"
      },
      "locked": {
        "lastModified": 1719815435,
        "narHash": "sha256-K2xFp142onP35jcx7li10xUxNVEVRWjAdY8DSuR7Naw=",
        "owner": "nix-community",
        "repo": "fenix",
        "rev": "ebfe2c639111d7e82972a12711206afaeeda2450",
        "type": "github"
      },
      "original": {
        "owner": "nix-community",
        "ref": "monthly",
        "repo": "fenix",
        "type": "github"
      }
    },
    "flake-utils": {
      "inputs": {
        "systems": "systems"
      },
      "locked": {
        "lastModified": 1710146030,
        "narHash": "sha256-SZ5L6eA7HJ/nmkzGG7/ISclqe6oZdOZTNoesiInkXPQ=",
        "owner": "numtide",
        "repo": "flake-utils",
        "rev": "b1d9ab70662946ef0850d488da1c9019f3a9752a",
        "type": "github"
      },
      "original": {
        "owner": "numtide",
        "repo": "flake-utils",
        "type": "github"
      }
    },
    "flake-utils_2": {
      "locked": {
        "lastModified": 1659877975,
        "narHash": "sha256-zllb8aq3YO3h8B/U0/J1WBgAL8EX5yWf5pMj3G0NAmc=",
        "owner": "numtide",
        "repo": "flake-utils",
        "rev": "c0e246b9b83f637f4681389ecabcb2681b4f3af0",
        "type": "github"
      },
      "original": {
        "owner": "numtide",
        "repo": "flake-utils",
        "type": "github"
      }
    },
    "home-manager": {
      "inputs": {
        "nixpkgs": [
          "nixpkgs"
        ]
      },
      "locked": {
        "lastModified": 1723986931,
        "narHash": "sha256-Fy+KEvDQ+Hc8lJAV3t6leXhZJ2ncU5/esxkgt3b8DEY=",
        "owner": "nix-community",
        "repo": "home-manager",
        "rev": "2598861031b78aadb4da7269df7ca9ddfc3e1671",
        "type": "github"
      },
      "original": {
        "owner": "nix-community",
        "repo": "home-manager",
        "type": "github"
      }
    },
    "kotkowo": {
      "inputs": {
        "fenix": "fenix",
        "flake-utils": "flake-utils",
        "nixpkgs": "nixpkgs_2"
      },
      "locked": {
        "lastModified": 1721059791,
        "narHash": "sha256-DVrKmtrM4yMjSmdQsqWEWOHDg0s/HRWO7GNfiC3h+Ho=",
        "ref": "refs/heads/feature/nix-flake",
        "rev": "8d393bf628150b18af7f8cf558d0d557d0bac4fe",
        "revCount": 471,
        "type": "git",
        "url": "file:///home/q/Projects/kotkowo/"
      },
      "original": {
        "type": "git",
        "url": "file:///home/q/Projects/kotkowo/"
      }
    },
    "nixgl": {
      "inputs": {
        "flake-utils": "flake-utils_2",
        "nixpkgs": "nixpkgs_3"
      },
      "locked": {
        "lastModified": 1713543440,
        "narHash": "sha256-lnzZQYG0+EXl/6NkGpyIz+FEOc/DSEG57AP1VsdeNrM=",
        "owner": "nix-community",
        "repo": "nixGL",
        "rev": "310f8e49a149e4c9ea52f1adf70cdc768ec53f8a",
        "type": "github"
      },
      "original": {
        "owner": "nix-community",
        "repo": "nixGL",
        "type": "github"
      }
    },
    "nixpkgs": {
      "locked": {
        "lastModified": 1719506693,
        "narHash": "sha256-C8e9S7RzshSdHB7L+v9I51af1gDM5unhJ2xO1ywxNH8=",
        "owner": "nixos",
        "repo": "nixpkgs",
        "rev": "b2852eb9365c6de48ffb0dc2c9562591f652242a",
        "type": "github"
      },
      "original": {
        "owner": "nixos",
        "ref": "nixos-unstable",
        "repo": "nixpkgs",
        "type": "github"
      }
    },
    "nixpkgs_2": {
      "locked": {
        "lastModified": 1720657034,
        "narHash": "sha256-nPhbeFdyN8yn+EXmnPcBWisoypndtQbNIhSKmAinv3E=",
        "owner": "nixos",
        "repo": "nixpkgs",
        "rev": "212defe037698e18fc9521dfe451779a8979844c",
        "type": "github"
      },
      "original": {
        "owner": "nixos",
        "ref": "nixpkgs-unstable",
        "repo": "nixpkgs",
        "type": "github"
      }
    },
    "nixpkgs_3": {
      "locked": {
        "lastModified": 1660551188,
        "narHash": "sha256-a1LARMMYQ8DPx1BgoI/UN4bXe12hhZkCNqdxNi6uS0g=",
        "owner": "nixos",
        "repo": "nixpkgs",
        "rev": "441dc5d512153039f19ef198e662e4f3dbb9fd65",
        "type": "github"
      },
      "original": {
        "owner": "nixos",
        "repo": "nixpkgs",
        "type": "github"
      }
    },
    "nixpkgs_4": {
      "locked": {
        "lastModified": 1724334015,
        "narHash": "sha256-5sfvc0MswIRNdRWioUhG58rGKGn2o90Ck6l6ClpwQqA=",
        "owner": "nixos",
        "repo": "nixpkgs",
        "rev": "6d204f819efff3d552a88d0a44b5aaaee172b784",
        "type": "github"
      },
      "original": {
        "owner": "nixos",
        "ref": "nixpkgs-unstable",
        "repo": "nixpkgs",
        "type": "github"
      }
    },
    "nur": {
      "locked": {
        "lastModified": 1724399822,
        "narHash": "sha256-KWqsp7n6qvFWT4i1iRUySIEa1H7Z6+2lDVWDYEfHZnc=",
        "owner": "nix-community",
        "repo": "NUR",
        "rev": "1c5ef845baac6d0898e5ab339897f7f37c611190",
        "type": "github"
      },
      "original": {
        "owner": "nix-community",
        "repo": "NUR",
        "type": "github"
      }
    },
    "root": {
      "inputs": {
        "home-manager": "home-manager",
        "kotkowo": "kotkowo",
        "nixgl": "nixgl",
        "nixpkgs": "nixpkgs_4",
        "nur": "nur"
      }
    },
    "rust-analyzer-src": {
      "flake": false,
      "locked": {
        "lastModified": 1719760370,
        "narHash": "sha256-fsxAuW6RxKZYjAP3biUC6C4vaYFhDfWv8lp1Tmx3ZCY=",
        "owner": "rust-lang",
        "repo": "rust-analyzer",
        "rev": "ea7fdada6a0940b239ddbde2048a4d7dac1efe1e",
        "type": "github"
      },
      "original": {
        "owner": "rust-lang",
        "ref": "nightly",
        "repo": "rust-analyzer",
        "type": "github"
      }
    },
    "systems": {
      "locked": {
        "lastModified": 1681028828,
        "narHash": "sha256-Vy1rq5AaRuLzOxct8nz4T6wlgyUR7zLU309k9mBC768=",
        "owner": "nix-systems",
        "repo": "default",
        "rev": "da67096a3b9bf56a91d16901293e51ba5b49a27e",
        "type": "github"
      },
      "original": {
        "owner": "nix-systems",
        "repo": "default",
        "type": "github"
      }
    }
  },
  "root": "root",
  "version": 7
}
